{
  "name": "mest-fillable-x3",
  "version": "0.0.2",
  "lockfileVersion": 3,
  "requires": true,
  "packages": {
    "": {
      "name": "mest-fillable-x3",
      "version": "0.0.2",
      "license": "MIT",
      "devDependencies": {
        "bump": "^0.2.5",
        "simple-file-concat": "^1.0.6"
      }
    },
    "node_modules/bump": {
      "version": "0.2.5",
      "resolved": "https://registry.npmjs.org/bump/-/bump-0.2.5.tgz",
      "integrity": "sha512-d4CZYvcP317+twjo7PhGd+EptYjvw83itgaxbJtJnHE64qH29qMtqAQ5vb3x3Su7WuaPjow88GBgp0FDBxbm8w==",
      "dev": true,
      "bin": {
        "bump": "bump.js"
      }
    },
    "node_modules/simple-file-concat": {
      "version": "1.0.6",
      "resolved": "https://registry.npmjs.org/simple-file-concat/-/simple-file-concat-1.0.6.tgz",
      "integrity": "sha512-nYImXetAzjCS56Zp5s5g5zjggcqc/+hU6W+vVf9bQHyBnTlBBFcrgUIqI0FR1s0BIQ3ML5+h7f35l80ovahK9Q==",
      "dev": true,
      "license": "ISC"
    }
  }
}
